PODS:
  - EasyAtrribute (0.0.3)
  - Hero (1.3.0)
  - KMPlaceholderTextView (1.3.0)
  - Realm (3.7.6):
    - Realm/Headers (= 3.7.6)
  - Realm/Headers (3.7.6)
  - RealmSwift (3.7.6):
    - Realm (= 3.7.6)
  - SnapKit (4.0.0)

DEPENDENCIES:
  - EasyAtrribute
  - Hero
  - KMPlaceholderTextView
  - RealmSwift
  - SnapKit

SPEC REPOS:
  https://github.com/cocoapods/specs.git:
    - EasyAtrribute
    - Hero
    - KMPlaceholderTextView
    - Realm
    - RealmSwift
    - SnapKit

SPEC CHECKSUMS:
  EasyAtrribute: e9ad8ce91024c5341a4e9b3e6cee802189190ec8
  Hero: 3eecd3fd62dd2425cbc7e35505c557b86d5a379e
  KMPlaceholderTextView: 2bbcd19a273648a80a61e1e48f9743a24d8930e3
  Realm: 9eaecad54712d6246d08ba34c10f354e4715d7d3
  RealmSwift: 1fe08b4ebaeeaacf17f9ba0343f7b25c9fc31fa6
  SnapKit: a42d492c16e80209130a3379f73596c3454b7694

PODFILE CHECKSUM: ee2a7e7a5283a98ae33ef27962ca6e7f4f5f7721

COCOAPODS: 1.5.3
